
Microsoft Visual Studio Solution File, Format Version 12.00
# Visual Studio Version 16
VisualStudioVersion = 16.0.31624.102
MinimumVisualStudioVersion = 10.0.40219.1
Project("{9A19103F-16F7-4668-BE54-9A1E7A4F7556}") = "HotDeskApp", "HotDeskApp\HotDeskApp.csproj", "{D26862F3-76E1-40DC-B7A2-77BE222ECD7D}"
EndProject
Global
	GlobalSection(SolutionConfigurationPlatforms) = preSolution
		Debug|Any CPU = Debug|Any CPU
		Release|Any CPU = Release|Any CPU
	EndGlobalSection
	GlobalSection(ProjectConfigurationPlatforms) = postSolution
		{D26862F3-76E1-40DC-B7A2-77BE222ECD7D}.Debug|Any CPU.ActiveCfg = Debug|Any CPU
		{D26862F3-76E1-40DC-B7A2-77BE222ECD7D}.Debug|Any CPU.Build.0 = Debug|Any CPU
		{D26862F3-76E1-40DC-B7A2-77BE222ECD7D}.Release|Any CPU.ActiveCfg = Release|Any CPU
		{D26862F3-76E1-40DC-B7A2-77BE222ECD7D}.Release|Any CPU.Build.0 = Release|Any CPU
	EndGlobalSection
	GlobalSection(SolutionProperties) = preSolution
		HideSolutionNode = FALSE
	EndGlobalSection
	GlobalSection(ExtensibilityGlobals) = postSolution
		SolutionGuid = {6908FE4C-0887-423F-AA58-64B99BB0DC85}
	EndGlobalSection
EndGlobal
